
Microsoft Visual Studio Solution File, Format Version 11.00
# Visual Studio 2010
Project("{FAE04EC0-301F-11D3-BF4B-00C04F79EFBC}") = "WinstagramMobile", "MobileApplication\WinstagramMobile.csproj", "{12A078EE-1E9B-441A-9191-62D2E6CDE891}"
EndProject
Project("{FAE04EC0-301F-11D3-BF4B-00C04F79EFBC}") = "MobileClientLibrary", "MobileClientLibrary\MobileClientLibrary.csproj", "{563005C0-77BC-4DA0-883A-9917DA9B8F92}"
	ProjectSection(ProjectDependencies) = postProject
		{81AEAC49-40E6-46E0-9DE9-429EAAB605FC} = {81AEAC49-40E6-46E0-9DE9-429EAAB605FC}
	EndProjectSection
EndProject
Project("{FAE04EC0-301F-11D3-BF4B-00C04F79EFBC}") = "WebService", "WebService\WebService.csproj", "{81AEAC49-40E6-46E0-9DE9-429EAAB605FC}"
EndProject
Global
	GlobalSection(SolutionConfigurationPlatforms) = preSolution
		Debug|Any CPU = Debug|Any CPU
		Debug|Mixed Platforms = Debug|Mixed Platforms
		Debug|x86 = Debug|x86
		Release|Any CPU = Release|Any CPU
		Release|Mixed Platforms = Release|Mixed Platforms
		Release|x86 = Release|x86
	EndGlobalSection
	GlobalSection(ProjectConfigurationPlatforms) = postSolution
		{12A078EE-1E9B-441A-9191-62D2E6CDE891}.Debug|Any CPU.ActiveCfg = Debug|Any CPU
		{12A078EE-1E9B-441A-9191-62D2E6CDE891}.Debug|Any CPU.Build.0 = Debug|Any CPU
		{12A078EE-1E9B-441A-9191-62D2E6CDE891}.Debug|Any CPU.Deploy.0 = Debug|Any CPU
		{12A078EE-1E9B-441A-9191-62D2E6CDE891}.Debug|Mixed Platforms.ActiveCfg = Debug|Any CPU
		{12A078EE-1E9B-441A-9191-62D2E6CDE891}.Debug|Mixed Platforms.Build.0 = Debug|Any CPU
		{12A078EE-1E9B-441A-9191-62D2E6CDE891}.Debug|Mixed Platforms.Deploy.0 = Debug|Any CPU
		{12A078EE-1E9B-441A-9191-62D2E6CDE891}.Debug|x86.ActiveCfg = Debug|Any CPU
		{12A078EE-1E9B-441A-9191-62D2E6CDE891}.Release|Any CPU.ActiveCfg = Release|Any CPU
		{12A078EE-1E9B-441A-9191-62D2E6CDE891}.Release|Any CPU.Build.0 = Release|Any CPU
		{12A078EE-1E9B-441A-9191-62D2E6CDE891}.Release|Any CPU.Deploy.0 = Release|Any CPU
		{12A078EE-1E9B-441A-9191-62D2E6CDE891}.Release|Mixed Platforms.ActiveCfg = Release|Any CPU
		{12A078EE-1E9B-441A-9191-62D2E6CDE891}.Release|Mixed Platforms.Build.0 = Release|Any CPU
		{12A078EE-1E9B-441A-9191-62D2E6CDE891}.Release|Mixed Platforms.Deploy.0 = Release|Any CPU
		{12A078EE-1E9B-441A-9191-62D2E6CDE891}.Release|x86.ActiveCfg = Release|Any CPU
		{563005C0-77BC-4DA0-883A-9917DA9B8F92}.Debug|Any CPU.ActiveCfg = Debug|Any CPU
		{563005C0-77BC-4DA0-883A-9917DA9B8F92}.Debug|Any CPU.Build.0 = Debug|Any CPU
		{563005C0-77BC-4DA0-883A-9917DA9B8F92}.Debug|Mixed Platforms.ActiveCfg = Debug|Any CPU
		{563005C0-77BC-4DA0-883A-9917DA9B8F92}.Debug|Mixed Platforms.Build.0 = Debug|Any CPU
		{563005C0-77BC-4DA0-883A-9917DA9B8F92}.Debug|x86.ActiveCfg = Debug|Any CPU
		{563005C0-77BC-4DA0-883A-9917DA9B8F92}.Release|Any CPU.ActiveCfg = Release|Any CPU
		{563005C0-77BC-4DA0-883A-9917DA9B8F92}.Release|Any CPU.Build.0 = Release|Any CPU
		{563005C0-77BC-4DA0-883A-9917DA9B8F92}.Release|Mixed Platforms.ActiveCfg = Release|Any CPU
		{563005C0-77BC-4DA0-883A-9917DA9B8F92}.Release|Mixed Platforms.Build.0 = Release|Any CPU
		{563005C0-77BC-4DA0-883A-9917DA9B8F92}.Release|x86.ActiveCfg = Release|Any CPU
		{81AEAC49-40E6-46E0-9DE9-429EAAB605FC}.Debug|Any CPU.ActiveCfg = Debug|Any CPU
		{81AEAC49-40E6-46E0-9DE9-429EAAB605FC}.Debug|Any CPU.Build.0 = Debug|Any CPU
		{81AEAC49-40E6-46E0-9DE9-429EAAB605FC}.Debug|Mixed Platforms.ActiveCfg = Debug|Any CPU
		{81AEAC49-40E6-46E0-9DE9-429EAAB605FC}.Debug|Mixed Platforms.Build.0 = Debug|Any CPU
		{81AEAC49-40E6-46E0-9DE9-429EAAB605FC}.Debug|x86.ActiveCfg = Debug|Any CPU
		{81AEAC49-40E6-46E0-9DE9-429EAAB605FC}.Release|Any CPU.ActiveCfg = Release|Any CPU
		{81AEAC49-40E6-46E0-9DE9-429EAAB605FC}.Release|Any CPU.Build.0 = Release|Any CPU
		{81AEAC49-40E6-46E0-9DE9-429EAAB605FC}.Release|Mixed Platforms.ActiveCfg = Release|Any CPU
		{81AEAC49-40E6-46E0-9DE9-429EAAB605FC}.Release|Mixed Platforms.Build.0 = Release|Any CPU
		{81AEAC49-40E6-46E0-9DE9-429EAAB605FC}.Release|x86.ActiveCfg = Release|Any CPU
	EndGlobalSection
	GlobalSection(SolutionProperties) = preSolution
		HideSolutionNode = FALSE
	EndGlobalSection
EndGlobal
